<?xml version="1.0" encoding="UTF-8" standalone="yes" ?>
<CodeBlocks_project_file>
	<FileVersion major="1" minor="6" />
	<Project>
		<Option title="Vengance" />
		<Option pch_mode="2" />
		<Option compiler="gcc" />
		<Option virtualFolders="Source\Engine\;Source\;" />
		<Build>
			<Target title="DebugLinux">
				<Option output="bin/DebugLinux/Vengence" prefix_auto="1" extension_auto="1" />
				<Option object_output="obj/DebugLinux/" />
				<Option type="1" />
				<Option compiler="gcc" />
				<Compiler>
					<Add option="-std=c++11" />
					<Add option="-g" />
					<Add directory="Source" />
					<Add directory="Include" />
					<Add directory="Source/Engine" />
				</Compiler>
				<Linker>
					<Add option="-lSDL2main" />
					<Add option="-lSDL2" />
					<Add option="-lGLEW" />
					<Add option="-lGL" />
					<Add directory="Librarys" />
				</Linker>
			</Target>
			<Target title="ReleaseLinux">
				<Option output="bin/ReleaseLinux/Vengence" prefix_auto="1" extension_auto="1" />
				<Option object_output="obj/ReleaseLinux/" />
				<Option type="1" />
				<Option compiler="gcc" />
				<Compiler>
					<Add option="-O2" />
					<Add option="-std=c++11" />
					<Add directory="Source" />
					<Add directory="Include" />
					<Add directory="Source/Engine" />
				</Compiler>
				<ResourceCompiler>
					<Add directory="../Vengance" />
				</ResourceCompiler>
				<Linker>
					<Add option="-s" />
					<Add option="-lSDL2main" />
					<Add option="-lSDL2" />
					<Add option="-lGLEW" />
					<Add option="-lGL" />
				</Linker>
			</Target>
			<Target title="DebugWindows">
				<Option output="bin/DebugWindows/Vengence" prefix_auto="1" extension_auto="1" />
				<Option object_output="obj/DebugWindows/" />
				<Option type="1" />
				<Option compiler="gcc" />
				<Compiler>
					<Add option="-std=c++11" />
					<Add option="-g" />
					<Add option="-DGLEW_STATIC" />
					<Add option="-D_WIN32" />
					<Add directory="Source" />
					<Add directory="Include" />
					<Add directory="Source/Engine" />
				</Compiler>
				<ResourceCompiler>
					<Add directory="../Vengance" />
				</ResourceCompiler>
				<Linker>
					<Add option="-lmingw32" />
					<Add option="-lSDL2main" />
					<Add option="-lSDL2" />
					<Add option="-lglew32" />
					<Add option="-lopengl32" />
					<Add directory="Librarys" />
				</Linker>
			</Target>
			<Target title="ReleaseWindows">
				<Option output="bin/ReleaseWindows/Vengence" prefix_auto="1" extension_auto="1" />
				<Option object_output="obj/Release/" />
				<Option type="1" />
				<Option compiler="gcc" />
				<Compiler>
					<Add option="-O2" />
					<Add option="-std=c++11" />
					<Add directory="Source" />
					<Add directory="./" />
					<Add directory="Source/Librarys" />
					<Add directory="Librarys" />
					<Add directory="Source/Engine" />
					<Add directory="Source/Engine/Data" />
				</Compiler>
				<Linker>
					<Add option="-s" />
				</Linker>
			</Target>
		</Build>
		<Compiler>
			<Add option="-Wall" />
		</Compiler>
		<Unit filename="Source/Application_Vengance.cpp">
			<Option virtualFolder="Source/Engine/" />
		</Unit>
		<Unit filename="Source/Application_Vengance.h" />
		<Unit filename="Source/Engine/Application.cpp" />
		<Unit filename="Source/Engine/Application.h" />
		<Unit filename="Source/Engine/Data/Enum.cpp" />
		<Unit filename="Source/Engine/Data/Enum.h" />
		<Unit filename="Source/Engine/Drawable.cpp" />
		<Unit filename="Source/Engine/Drawable.h" />
		<Unit filename="Source/Engine/Graph.cpp" />
		<Unit filename="Source/Engine/Graph.h" />
		<Unit filename="Source/Engine/Input.cpp" />
		<Unit filename="Source/Engine/Input.h" />
		<Unit filename="Source/Engine/Library.cpp" />
		<Unit filename="Source/Engine/Library.h" />
		<Unit filename="Source/Engine/LibraryManager.cpp" />
		<Unit filename="Source/Engine/LibraryManager.h" />
		<Unit filename="Source/Engine/Librarys/Library_GLEW.cpp" />
		<Unit filename="Source/Engine/Librarys/Library_GLEW.h">
			<Option virtualFolder="Source/Engine/" />
		</Unit>
		<Unit filename="Source/Engine/Librarys/Library_SDL2.cpp" />
		<Unit filename="Source/Engine/Librarys/Library_SDL2.h">
			<Option virtualFolder="Source/Engine/" />
		</Unit>
		<Unit filename="Source/Engine/Logger.cpp" />
		<Unit filename="Source/Engine/Logger.h" />
		<Unit filename="Source/Engine/Node.cpp" />
		<Unit filename="Source/Engine/Node.h" />
		<Unit filename="Source/Engine/Object.cpp" />
		<Unit filename="Source/Engine/Object.h" />
		<Unit filename="Source/Engine/Render.cpp" />
		<Unit filename="Source/Engine/Render.h" />
		<Unit filename="Source/Engine/Window.cpp" />
		<Unit filename="Source/Engine/Window.h">
			<Option virtualFolder="Source/" />
		</Unit>
		<Unit filename="Source/Engine/WindowManager.cpp" />
		<Unit filename="Source/Engine/WindowManager.h" />
		<Unit filename="Source/Engine/imgui/imconfig.h" />
		<Unit filename="Source/Engine/imgui/imgui.cpp" />
		<Unit filename="Source/Engine/imgui/imgui.h" />
		<Unit filename="Source/Engine/imgui/imgui_demo.cpp" />
		<Unit filename="Source/Engine/imgui/imgui_draw.cpp" />
		<Unit filename="Source/Engine/imgui/imgui_impl_opengl3.cpp" />
		<Unit filename="Source/Engine/imgui/imgui_impl_opengl3.h" />
		<Unit filename="Source/Engine/imgui/imgui_impl_sdl.cpp" />
		<Unit filename="Source/Engine/imgui/imgui_impl_sdl.h" />
		<Unit filename="Source/Engine/imgui/imgui_internal.h" />
		<Unit filename="Source/Engine/imgui/imgui_widgets.cpp" />
		<Unit filename="Source/Engine/imgui/imnodes.cpp" />
		<Unit filename="Source/Engine/imgui/imnodes.h" />
		<Unit filename="Source/Engine/imgui/imstb_rectpack.h" />
		<Unit filename="Source/Engine/imgui/imstb_textedit.h" />
		<Unit filename="Source/Engine/imgui/imstb_truetype.h" />
		<Unit filename="Source/LibraryManager_Vengance.cpp" />
		<Unit filename="Source/LibraryManager_Vengance.h" />
		<Unit filename="Source/Main.cpp" />
		<Unit filename="Source/Render_Master.cpp" />
		<Unit filename="Source/Render_Master.h" />
		<Unit filename="icon.rc">
			<Option compilerVar="WINDRES" />
		</Unit>
		<Extensions>
			<code_completion />
			<envvars />
			<debugger />
		</Extensions>
	</Project>
</CodeBlocks_project_file>
